// !$*UTF8*$!
{
	archiveVersion = 1;
	classes = {
	};
	objectVersion = 52;
	objects = {

/* Begin PBXBuildFile section */
		CC30D2172581ACB00032B3D9 /* GPUInfo.mm in Sources */ = {isa = PBXBuildFile; fileRef = CC30D2162581ACB00032B3D9 /* GPUInfo.mm */; };
		CC30D23B2581B17C0032B3D9 /* libglslang.a in Frameworks */ = {isa = PBXBuildFile; fileRef = CC30D2152581ACB00032B3D9 /* libglslang.a */; };
		CC30D23C2581B17C0032B3D9 /* libncnnd.a in Frameworks */ = {isa = PBXBuildFile; fileRef = CCC0DE3F2581A27A000F4854 /* libncnnd.a */; };
		CC30D23D2581B17C0032B3D9 /* libOGLCompiler.a in Frameworks */ = {isa = PBXBuildFile; fileRef = CC30D20F2581ACB00032B3D9 /* libOGLCompiler.a */; };
		CC30D23E2581B17C0032B3D9 /* libOSDependent.a in Frameworks */ = {isa = PBXBuildFile; fileRef = CC30D2112581ACB00032B3D9 /* libOSDependent.a */; };
		CC30D23F2581B17C0032B3D9 /* libSPIRV.a in Frameworks */ = {isa = PBXBuildFile; fileRef = CC30D2132581ACB00032B3D9 /* libSPIRV.a */; };
		CC30D2432581B1C60032B3D9 /* MoltenVK.xcframework in Frameworks */ = {isa = PBXBuildFile; fileRef = CC30D2422581B1C60032B3D9 /* MoltenVK.xcframework */; };
		CC30D2D32581D2D20032B3D9 /* noise3_scale2.0x_model.param in CopyFiles */ = {isa = PBXBuildFile; fileRef = CC30D2532581B6BF0032B3D9 /* noise3_scale2.0x_model.param */; };
		CC30D2D42581D2D20032B3D9 /* noise1_scale2.0x_model.param in CopyFiles */ = {isa = PBXBuildFile; fileRef = CC30D2542581B6BF0032B3D9 /* noise1_scale2.0x_model.param */; };
		CC30D2D52581D2D20032B3D9 /* scale2.0x_model.param in CopyFiles */ = {isa = PBXBuildFile; fileRef = CC30D2552581B6BF0032B3D9 /* scale2.0x_model.param */; };
		CC30D2D62581D2D20032B3D9 /* noise2_scale2.0x_model.bin in CopyFiles */ = {isa = PBXBuildFile; fileRef = CC30D2562581B6BF0032B3D9 /* noise2_scale2.0x_model.bin */; };
		CC30D2D72581D2D20032B3D9 /* noise3_scale2.0x_model.bin in CopyFiles */ = {isa = PBXBuildFile; fileRef = CC30D2572581B6BF0032B3D9 /* noise3_scale2.0x_model.bin */; };
		CC30D2D82581D2D20032B3D9 /* noise0_scale2.0x_model.bin in CopyFiles */ = {isa = PBXBuildFile; fileRef = CC30D2582581B6BF0032B3D9 /* noise0_scale2.0x_model.bin */; };
		CC30D2D92581D2D20032B3D9 /* noise2_scale2.0x_model.param in CopyFiles */ = {isa = PBXBuildFile; fileRef = CC30D2592581B6BF0032B3D9 /* noise2_scale2.0x_model.param */; };
		CC30D2DA2581D2D20032B3D9 /* noise1_scale2.0x_model.bin in CopyFiles */ = {isa = PBXBuildFile; fileRef = CC30D25A2581B6BF0032B3D9 /* noise1_scale2.0x_model.bin */; };
		CC30D2DB2581D2D20032B3D9 /* noise0_scale2.0x_model.param in CopyFiles */ = {isa = PBXBuildFile; fileRef = CC30D25B2581B6BF0032B3D9 /* noise0_scale2.0x_model.param */; };
		CC30D2DC2581D2D20032B3D9 /* scale2.0x_model.bin in CopyFiles */ = {isa = PBXBuildFile; fileRef = CC30D25C2581B6BF0032B3D9 /* scale2.0x_model.bin */; };
		CC30D2DF2581D30E0032B3D9 /* noise3_scale2.0x_model.param in CopyFiles */ = {isa = PBXBuildFile; fileRef = CC30D2712581B6BF0032B3D9 /* noise3_scale2.0x_model.param */; };
		CC30D2E02581D30E0032B3D9 /* noise1_scale2.0x_model.param in CopyFiles */ = {isa = PBXBuildFile; fileRef = CC30D2722581B6BF0032B3D9 /* noise1_scale2.0x_model.param */; };
		CC30D2E12581D30E0032B3D9 /* scale2.0x_model.param in CopyFiles */ = {isa = PBXBuildFile; fileRef = CC30D2732581B6BF0032B3D9 /* scale2.0x_model.param */; };
		CC30D2E22581D30E0032B3D9 /* noise2_scale2.0x_model.bin in CopyFiles */ = {isa = PBXBuildFile; fileRef = CC30D2742581B6BF0032B3D9 /* noise2_scale2.0x_model.bin */; };
		CC30D2E32581D30E0032B3D9 /* noise3_scale2.0x_model.bin in CopyFiles */ = {isa = PBXBuildFile; fileRef = CC30D2752581B6BF0032B3D9 /* noise3_scale2.0x_model.bin */; };
		CC30D2E42581D30E0032B3D9 /* noise0_scale2.0x_model.bin in CopyFiles */ = {isa = PBXBuildFile; fileRef = CC30D2762581B6BF0032B3D9 /* noise0_scale2.0x_model.bin */; };
		CC30D2E52581D30E0032B3D9 /* noise2_scale2.0x_model.param in CopyFiles */ = {isa = PBXBuildFile; fileRef = CC30D2772581B6BF0032B3D9 /* noise2_scale2.0x_model.param */; };
		CC30D2E62581D30E0032B3D9 /* noise1_scale2.0x_model.bin in CopyFiles */ = {isa = PBXBuildFile; fileRef = CC30D2782581B6BF0032B3D9 /* noise1_scale2.0x_model.bin */; };
		CC30D2E72581D30E0032B3D9 /* noise0_scale2.0x_model.param in CopyFiles */ = {isa = PBXBuildFile; fileRef = CC30D2792581B6BF0032B3D9 /* noise0_scale2.0x_model.param */; };
		CC30D2E82581D30E0032B3D9 /* scale2.0x_model.bin in CopyFiles */ = {isa = PBXBuildFile; fileRef = CC30D27A2581B6BF0032B3D9 /* scale2.0x_model.bin */; };
		CC30D2EB2581D3260032B3D9 /* noise3_scale2.0x_model.param in CopyFiles */ = {isa = PBXBuildFile; fileRef = CC30D25E2581B6BF0032B3D9 /* noise3_scale2.0x_model.param */; };
		CC30D2EC2581D3260032B3D9 /* noise3_model.param in CopyFiles */ = {isa = PBXBuildFile; fileRef = CC30D25F2581B6BF0032B3D9 /* noise3_model.param */; };
		CC30D2ED2581D3260032B3D9 /* noise0_model.bin in CopyFiles */ = {isa = PBXBuildFile; fileRef = CC30D2602581B6BF0032B3D9 /* noise0_model.bin */; };
		CC30D2EE2581D3260032B3D9 /* noise1_scale2.0x_model.param in CopyFiles */ = {isa = PBXBuildFile; fileRef = CC30D2612581B6BF0032B3D9 /* noise1_scale2.0x_model.param */; };
		CC30D2EF2581D3260032B3D9 /* noise1_model.bin in CopyFiles */ = {isa = PBXBuildFile; fileRef = CC30D2622581B6BF0032B3D9 /* noise1_model.bin */; };
		CC30D2F02581D3260032B3D9 /* scale2.0x_model.param in CopyFiles */ = {isa = PBXBuildFile; fileRef = CC30D2632581B6BF0032B3D9 /* scale2.0x_model.param */; };
		CC30D2F12581D3260032B3D9 /* noise0_model.param in CopyFiles */ = {isa = PBXBuildFile; fileRef = CC30D2642581B6BF0032B3D9 /* noise0_model.param */; };
		CC30D2F22581D3260032B3D9 /* noise2_scale2.0x_model.bin in CopyFiles */ = {isa = PBXBuildFile; fileRef = CC30D2652581B6BF0032B3D9 /* noise2_scale2.0x_model.bin */; };
		CC30D2F32581D3260032B3D9 /* noise3_scale2.0x_model.bin in CopyFiles */ = {isa = PBXBuildFile; fileRef = CC30D2662581B6BF0032B3D9 /* noise3_scale2.0x_model.bin */; };
		CC30D2F42581D3260032B3D9 /* noise0_scale2.0x_model.bin in CopyFiles */ = {isa = PBXBuildFile; fileRef = CC30D2672581B6BF0032B3D9 /* noise0_scale2.0x_model.bin */; };
		CC30D2F52581D3260032B3D9 /* noise2_model.bin in CopyFiles */ = {isa = PBXBuildFile; fileRef = CC30D2682581B6BF0032B3D9 /* noise2_model.bin */; };
		CC30D2F62581D3260032B3D9 /* noise2_scale2.0x_model.param in CopyFiles */ = {isa = PBXBuildFile; fileRef = CC30D2692581B6BF0032B3D9 /* noise2_scale2.0x_model.param */; };
		CC30D2F72581D3260032B3D9 /* noise1_scale2.0x_model.bin in CopyFiles */ = {isa = PBXBuildFile; fileRef = CC30D26A2581B6BF0032B3D9 /* noise1_scale2.0x_model.bin */; };
		CC30D2F82581D3260032B3D9 /* noise0_scale2.0x_model.param in CopyFiles */ = {isa = PBXBuildFile; fileRef = CC30D26B2581B6BF0032B3D9 /* noise0_scale2.0x_model.param */; };
		CC30D2F92581D3260032B3D9 /* noise2_model.param in CopyFiles */ = {isa = PBXBuildFile; fileRef = CC30D26C2581B6BF0032B3D9 /* noise2_model.param */; };
		CC30D2FA2581D3260032B3D9 /* scale2.0x_model.bin in CopyFiles */ = {isa = PBXBuildFile; fileRef = CC30D26D2581B6BF0032B3D9 /* scale2.0x_model.bin */; };
		CC30D2FB2581D3260032B3D9 /* noise1_model.param in CopyFiles */ = {isa = PBXBuildFile; fileRef = CC30D26E2581B6BF0032B3D9 /* noise1_model.param */; };
		CC30D2FC2581D3260032B3D9 /* noise3_model.bin in CopyFiles */ = {isa = PBXBuildFile; fileRef = CC30D26F2581B6BF0032B3D9 /* noise3_model.bin */; };
		CC30D310258247A50032B3D9 /* SVProgressHUD.framework in Frameworks */ = {isa = PBXBuildFile; fileRef = CC30D304258246700032B3D9 /* SVProgressHUD.framework */; };
		CC30D314258247BE0032B3D9 /* SVProgressHUD.framework in CopyFiles */ = {isa = PBXBuildFile; fileRef = CC30D304258246700032B3D9 /* SVProgressHUD.framework */; settings = {ATTRIBUTES = (CodeSignOnCopy, RemoveHeadersOnCopy, ); }; };
		CC44D7E02598E55A00FD582D /* vkPeakBenchmarkViewController.mm in Sources */ = {isa = PBXBuildFile; fileRef = CC44D7DF2598E55A00FD582D /* vkPeakBenchmarkViewController.mm */; };
		CC44D81B2598F08100FD582D /* generate-ncnn.sh in Resources */ = {isa = PBXBuildFile; fileRef = CC44D81A2598F08100FD582D /* generate-ncnn.sh */; };
		CC7BC57825828765003F33A3 /* x4.param in CopyFiles */ = {isa = PBXBuildFile; fileRef = CC7BC575258285C7003F33A3 /* x4.param */; };
		CC7BC57925828765003F33A3 /* x4.bin in CopyFiles */ = {isa = PBXBuildFile; fileRef = CC7BC574258285C7003F33A3 /* x4.bin */; };
		CC7BC57D2582878F003F33A3 /* x4.bin in CopyFiles */ = {isa = PBXBuildFile; fileRef = CC7BC570258285C7003F33A3 /* x4.bin */; };
		CC7BC57E2582878F003F33A3 /* x4.param in CopyFiles */ = {isa = PBXBuildFile; fileRef = CC7BC56F258285C7003F33A3 /* x4.param */; };
		CCC0DE1925819414000F4854 /* AppDelegate.m in Sources */ = {isa = PBXBuildFile; fileRef = CCC0DE1825819414000F4854 /* AppDelegate.m */; };
		CCC0DE1F25819414000F4854 /* ViewController.mm in Sources */ = {isa = PBXBuildFile; fileRef = CCC0DE1E25819414000F4854 /* ViewController.mm */; };
		CCC0DE2225819414000F4854 /* Main.storyboard in Resources */ = {isa = PBXBuildFile; fileRef = CCC0DE2025819414000F4854 /* Main.storyboard */; };
		CCC0DE2425819415000F4854 /* Assets.xcassets in Resources */ = {isa = PBXBuildFile; fileRef = CCC0DE2325819415000F4854 /* Assets.xcassets */; };
		CCC0DE2725819415000F4854 /* LaunchScreen.storyboard in Resources */ = {isa = PBXBuildFile; fileRef = CCC0DE2525819415000F4854 /* LaunchScreen.storyboard */; };
		CCC0DE2A25819415000F4854 /* main.m in Sources */ = {isa = PBXBuildFile; fileRef = CCC0DE2925819415000F4854 /* main.m */; };
		CCC0DE522581A351000F4854 /* models in Resources */ = {isa = PBXBuildFile; fileRef = CCC0DE512581A351000F4854 /* models */; };
		CCC0DE5B2581A52F000F4854 /* waifu2x.cpp in Sources */ = {isa = PBXBuildFile; fileRef = CCC0DE5A2581A52F000F4854 /* waifu2x.cpp */; };
		CCF10C032581A79E004B242B /* waifu2xios.mm in Sources */ = {isa = PBXBuildFile; fileRef = CCF10BFC2581A79E004B242B /* waifu2xios.mm */; };
/* End PBXBuildFile section */

/* Begin PBXContainerItemProxy section */
		CC30D20E2581ACB00032B3D9 /* PBXContainerItemProxy */ = {
			isa = PBXContainerItemProxy;
			containerPortal = CCC0DE332581A27A000F4854 /* ncnn.xcodeproj */;
			proxyType = 2;
			remoteGlobalIDString = E458EE39BC974D8A9BD297E7;
			remoteInfo = OGLCompiler;
		};
		CC30D2102581ACB00032B3D9 /* PBXContainerItemProxy */ = {
			isa = PBXContainerItemProxy;
			containerPortal = CCC0DE332581A27A000F4854 /* ncnn.xcodeproj */;
			proxyType = 2;
			remoteGlobalIDString = 32E6177A7BA2452981536A16;
			remoteInfo = OSDependent;
		};
		CC30D2122581ACB00032B3D9 /* PBXContainerItemProxy */ = {
			isa = PBXContainerItemProxy;
			containerPortal = CCC0DE332581A27A000F4854 /* ncnn.xcodeproj */;
			proxyType = 2;
			remoteGlobalIDString = 2C10FA00B2384195856E3210;
			remoteInfo = SPIRV;
		};
		CC30D2142581ACB00032B3D9 /* PBXContainerItemProxy */ = {
			isa = PBXContainerItemProxy;
			containerPortal = CCC0DE332581A27A000F4854 /* ncnn.xcodeproj */;
			proxyType = 2;
			remoteGlobalIDString = 186D6CB6C9B9416BA0970C00;
			remoteInfo = glslang;
		};
		CC30D2332581AF030032B3D9 /* PBXContainerItemProxy */ = {
			isa = PBXContainerItemProxy;
			containerPortal = CCC0DE332581A27A000F4854 /* ncnn.xcodeproj */;
			proxyType = 1;
			remoteGlobalIDString = F7928FCDCBDB48C7A32EB4D5;
			remoteInfo = ALL_BUILD;
		};
		CC30D303258246700032B3D9 /* PBXContainerItemProxy */ = {
			isa = PBXContainerItemProxy;
			containerPortal = CC30D2FE258246700032B3D9 /* SVProgressHUD.xcodeproj */;
			proxyType = 2;
			remoteGlobalIDString = 4A9D7DD81AB345980039B273;
			remoteInfo = "SVProgressHUD-Framework";
		};
		CC30D305258246700032B3D9 /* PBXContainerItemProxy */ = {
			isa = PBXContainerItemProxy;
			containerPortal = CC30D2FE258246700032B3D9 /* SVProgressHUD.xcodeproj */;
			proxyType = 2;
			remoteGlobalIDString = 65F021FC15C857EF0030BBEF;
			remoteInfo = SVProgressHUD;
		};
		CC30D311258247AD0032B3D9 /* PBXContainerItemProxy */ = {
			isa = PBXContainerItemProxy;
			containerPortal = CC30D2FE258246700032B3D9 /* SVProgressHUD.xcodeproj */;
			proxyType = 1;
			remoteGlobalIDString = 4A9D7DD71AB345980039B273;
			remoteInfo = "SVProgressHUD-Framework";
		};
		CC44D81C2598F0AA00FD582D /* PBXContainerItemProxy */ = {
			isa = PBXContainerItemProxy;
			containerPortal = CCC0DE0C25819414000F4854 /* Project object */;
			proxyType = 1;
			remoteGlobalIDString = CC44D80D2598F02800FD582D;
			remoteInfo = "generate-ncnn";
		};
		CCC0DE3E2581A27A000F4854 /* PBXContainerItemProxy */ = {
			isa = PBXContainerItemProxy;
			containerPortal = CCC0DE332581A27A000F4854 /* ncnn.xcodeproj */;
			proxyType = 2;
			remoteGlobalIDString = 72C60B8665AA4AD9AAE42435;
			remoteInfo = ncnn;
		};
/* End PBXContainerItemProxy section */

/* Begin PBXCopyFilesBuildPhase section */
		CC30D28E2581C4760032B3D9 /* CopyFiles */ = {
			isa = PBXCopyFilesBuildPhase;
			buildActionMask = 2147483647;
			dstPath = "models/models-upconv_7_photo";
			dstSubfolderSpec = 7;
			files = (
				CC30D2D32581D2D20032B3D9 /* noise3_scale2.0x_model.param in CopyFiles */,
				CC30D2D42581D2D20032B3D9 /* noise1_scale2.0x_model.param in CopyFiles */,
				CC30D2D52581D2D20032B3D9 /* scale2.0x_model.param in CopyFiles */,
				CC30D2D62581D2D20032B3D9 /* noise2_scale2.0x_model.bin in CopyFiles */,
				CC30D2D72581D2D20032B3D9 /* noise3_scale2.0x_model.bin in CopyFiles */,
				CC30D2D82581D2D20032B3D9 /* noise0_scale2.0x_model.bin in CopyFiles */,
				CC30D2D92581D2D20032B3D9 /* noise2_scale2.0x_model.param in CopyFiles */,
				CC30D2DA2581D2D20032B3D9 /* noise1_scale2.0x_model.bin in CopyFiles */,
				CC30D2DB2581D2D20032B3D9 /* noise0_scale2.0x_model.param in CopyFiles */,
				CC30D2DC2581D2D20032B3D9 /* scale2.0x_model.bin in CopyFiles */,
			);
			runOnlyForDeploymentPostprocessing = 0;
		};
		CC30D2DE2581D2E90032B3D9 /* CopyFiles */ = {
			isa = PBXCopyFilesBuildPhase;
			buildActionMask = 2147483647;
			dstPath = "models/models-upconv_7_anime_style_art_rgb";
			dstSubfolderSpec = 7;
			files = (
				CC30D2DF2581D30E0032B3D9 /* noise3_scale2.0x_model.param in CopyFiles */,
				CC30D2E02581D30E0032B3D9 /* noise1_scale2.0x_model.param in CopyFiles */,
				CC30D2E12581D30E0032B3D9 /* scale2.0x_model.param in CopyFiles */,
				CC30D2E22581D30E0032B3D9 /* noise2_scale2.0x_model.bin in CopyFiles */,
				CC30D2E32581D30E0032B3D9 /* noise3_scale2.0x_model.bin in CopyFiles */,
				CC30D2E42581D30E0032B3D9 /* noise0_scale2.0x_model.bin in CopyFiles */,
				CC30D2E52581D30E0032B3D9 /* noise2_scale2.0x_model.param in CopyFiles */,
				CC30D2E62581D30E0032B3D9 /* noise1_scale2.0x_model.bin in CopyFiles */,
				CC30D2E72581D30E0032B3D9 /* noise0_scale2.0x_model.param in CopyFiles */,
				CC30D2E82581D30E0032B3D9 /* scale2.0x_model.bin in CopyFiles */,
			);
			runOnlyForDeploymentPostprocessing = 0;
		};
		CC30D2EA2581D3120032B3D9 /* CopyFiles */ = {
			isa = PBXCopyFilesBuildPhase;
			buildActionMask = 2147483647;
			dstPath = "models/models-cunet";
			dstSubfolderSpec = 7;
			files = (
				CC30D2EB2581D3260032B3D9 /* noise3_scale2.0x_model.param in CopyFiles */,
				CC30D2EC2581D3260032B3D9 /* noise3_model.param in CopyFiles */,
				CC30D2ED2581D3260032B3D9 /* noise0_model.bin in CopyFiles */,
				CC30D2EE2581D3260032B3D9 /* noise1_scale2.0x_model.param in CopyFiles */,
				CC30D2EF2581D3260032B3D9 /* noise1_model.bin in CopyFiles */,
				CC30D2F02581D3260032B3D9 /* scale2.0x_model.param in CopyFiles */,
				CC30D2F12581D3260032B3D9 /* noise0_model.param in CopyFiles */,
				CC30D2F22581D3260032B3D9 /* noise2_scale2.0x_model.bin in CopyFiles */,
				CC30D2F32581D3260032B3D9 /* noise3_scale2.0x_model.bin in CopyFiles */,
				CC30D2F42581D3260032B3D9 /* noise0_scale2.0x_model.bin in CopyFiles */,
				CC30D2F52581D3260032B3D9 /* noise2_model.bin in CopyFiles */,
				CC30D2F62581D3260032B3D9 /* noise2_scale2.0x_model.param in CopyFiles */,
				CC30D2F72581D3260032B3D9 /* noise1_scale2.0x_model.bin in CopyFiles */,
				CC30D2F82581D3260032B3D9 /* noise0_scale2.0x_model.param in CopyFiles */,
				CC30D2F92581D3260032B3D9 /* noise2_model.param in CopyFiles */,
				CC30D2FA2581D3260032B3D9 /* scale2.0x_model.bin in CopyFiles */,
				CC30D2FB2581D3260032B3D9 /* noise1_model.param in CopyFiles */,
				CC30D2FC2581D3260032B3D9 /* noise3_model.bin in CopyFiles */,
			);
			runOnlyForDeploymentPostprocessing = 0;
		};
		CC30D313258247B60032B3D9 /* CopyFiles */ = {
			isa = PBXCopyFilesBuildPhase;
			buildActionMask = 2147483647;
			dstPath = "";
			dstSubfolderSpec = 10;
			files = (
				CC30D314258247BE0032B3D9 /* SVProgressHUD.framework in CopyFiles */,
			);
			runOnlyForDeploymentPostprocessing = 0;
		};
		CC7BC57625828752003F33A3 /* CopyFiles */ = {
			isa = PBXCopyFilesBuildPhase;
			buildActionMask = 2147483647;
			dstPath = "models/models-DF2K";
			dstSubfolderSpec = 7;
			files = (
				CC7BC57825828765003F33A3 /* x4.param in CopyFiles */,
				CC7BC57925828765003F33A3 /* x4.bin in CopyFiles */,
			);
			runOnlyForDeploymentPostprocessing = 0;
		};
		CC7BC57B2582877C003F33A3 /* CopyFiles */ = {
			isa = PBXCopyFilesBuildPhase;
			buildActionMask = 2147483647;
			dstPath = "models/models-DF2K_JPEG";
			dstSubfolderSpec = 7;
			files = (
				CC7BC57D2582878F003F33A3 /* x4.bin in CopyFiles */,
				CC7BC57E2582878F003F33A3 /* x4.param in CopyFiles */,
			);
			runOnlyForDeploymentPostprocessing = 0;
		};
/* End PBXCopyFilesBuildPhase section */

/* Begin PBXFileReference section */
		CC30D2052581ACB00032B3D9 /* GPUInfo.h */ = {isa = PBXFileReference; fileEncoding = 4; lastKnownFileType = sourcecode.c.h; path = GPUInfo.h; sourceTree = "<group>"; };
		CC30D2162581ACB00032B3D9 /* GPUInfo.mm */ = {isa = PBXFileReference; fileEncoding = 4; lastKnownFileType = sourcecode.cpp.objcpp; path = GPUInfo.mm; sourceTree = "<group>"; };
		CC30D2412581B1B60032B3D9 /* VulkanSDK */ = {isa = PBXFileReference; lastKnownFileType = text; path = VulkanSDK; sourceTree = SOURCE_ROOT; };
		CC30D2422581B1C60032B3D9 /* MoltenVK.xcframework */ = {isa = PBXFileReference; lastKnownFileType = wrapper.xcframework; name = MoltenVK.xcframework; path = VulkanSDK/MoltenVK/MoltenVK.xcframework; sourceTree = "<group>"; };
		CC30D2532581B6BF0032B3D9 /* noise3_scale2.0x_model.param */ = {isa = PBXFileReference; lastKnownFileType = text; path = noise3_scale2.0x_model.param; sourceTree = "<group>"; };
		CC30D2542581B6BF0032B3D9 /* noise1_scale2.0x_model.param */ = {isa = PBXFileReference; lastKnownFileType = text; path = noise1_scale2.0x_model.param; sourceTree = "<group>"; };
		CC30D2552581B6BF0032B3D9 /* scale2.0x_model.param */ = {isa = PBXFileReference; lastKnownFileType = text; path = scale2.0x_model.param; sourceTree = "<group>"; };
		CC30D2562581B6BF0032B3D9 /* noise2_scale2.0x_model.bin */ = {isa = PBXFileReference; lastKnownFileType = archive.macbinary; path = noise2_scale2.0x_model.bin; sourceTree = "<group>"; };
		CC30D2572581B6BF0032B3D9 /* noise3_scale2.0x_model.bin */ = {isa = PBXFileReference; lastKnownFileType = archive.macbinary; path = noise3_scale2.0x_model.bin; sourceTree = "<group>"; };
		CC30D2582581B6BF0032B3D9 /* noise0_scale2.0x_model.bin */ = {isa = PBXFileReference; lastKnownFileType = archive.macbinary; path = noise0_scale2.0x_model.bin; sourceTree = "<group>"; };
		CC30D2592581B6BF0032B3D9 /* noise2_scale2.0x_model.param */ = {isa = PBXFileReference; lastKnownFileType = text; path = noise2_scale2.0x_model.param; sourceTree = "<group>"; };
		CC30D25A2581B6BF0032B3D9 /* noise1_scale2.0x_model.bin */ = {isa = PBXFileReference; lastKnownFileType = archive.macbinary; path = noise1_scale2.0x_model.bin; sourceTree = "<group>"; };
		CC30D25B2581B6BF0032B3D9 /* noise0_scale2.0x_model.param */ = {isa = PBXFileReference; lastKnownFileType = text; path = noise0_scale2.0x_model.param; sourceTree = "<group>"; };
		CC30D25C2581B6BF0032B3D9 /* scale2.0x_model.bin */ = {isa = PBXFileReference; lastKnownFileType = archive.macbinary; path = scale2.0x_model.bin; sourceTree = "<group>"; };
		CC30D25E2581B6BF0032B3D9 /* noise3_scale2.0x_model.param */ = {isa = PBXFileReference; lastKnownFileType = text; path = noise3_scale2.0x_model.param; sourceTree = "<group>"; };
		CC30D25F2581B6BF0032B3D9 /* noise3_model.param */ = {isa = PBXFileReference; lastKnownFileType = text; path = noise3_model.param; sourceTree = "<group>"; };
		CC30D2602581B6BF0032B3D9 /* noise0_model.bin */ = {isa = PBXFileReference; lastKnownFileType = archive.macbinary; path = noise0_model.bin; sourceTree = "<group>"; };
		CC30D2612581B6BF0032B3D9 /* noise1_scale2.0x_model.param */ = {isa = PBXFileReference; lastKnownFileType = text; path = noise1_scale2.0x_model.param; sourceTree = "<group>"; };
		CC30D2622581B6BF0032B3D9 /* noise1_model.bin */ = {isa = PBXFileReference; lastKnownFileType = archive.macbinary; path = noise1_model.bin; sourceTree = "<group>"; };
		CC30D2632581B6BF0032B3D9 /* scale2.0x_model.param */ = {isa = PBXFileReference; lastKnownFileType = text; path = scale2.0x_model.param; sourceTree = "<group>"; };
		CC30D2642581B6BF0032B3D9 /* noise0_model.param */ = {isa = PBXFileReference; lastKnownFileType = text; path = noise0_model.param; sourceTree = "<group>"; };
		CC30D2652581B6BF0032B3D9 /* noise2_scale2.0x_model.bin */ = {isa = PBXFileReference; lastKnownFileType = archive.macbinary; path = noise2_scale2.0x_model.bin; sourceTree = "<group>"; };
		CC30D2662581B6BF0032B3D9 /* noise3_scale2.0x_model.bin */ = {isa = PBXFileReference; lastKnownFileType = archive.macbinary; path = noise3_scale2.0x_model.bin; sourceTree = "<group>"; };
		CC30D2672581B6BF0032B3D9 /* noise0_scale2.0x_model.bin */ = {isa = PBXFileReference; lastKnownFileType = archive.macbinary; path = noise0_scale2.0x_model.bin; sourceTree = "<group>"; };
		CC30D2682581B6BF0032B3D9 /* noise2_model.bin */ = {isa = PBXFileReference; lastKnownFileType = archive.macbinary; path = noise2_model.bin; sourceTree = "<group>"; };
		CC30D2692581B6BF0032B3D9 /* noise2_scale2.0x_model.param */ = {isa = PBXFileReference; lastKnownFileType = text; path = noise2_scale2.0x_model.param; sourceTree = "<group>"; };
		CC30D26A2581B6BF0032B3D9 /* noise1_scale2.0x_model.bin */ = {isa = PBXFileReference; lastKnownFileType = archive.macbinary; path = noise1_scale2.0x_model.bin; sourceTree = "<group>"; };
		CC30D26B2581B6BF0032B3D9 /* noise0_scale2.0x_model.param */ = {isa = PBXFileReference; lastKnownFileType = text; path = noise0_scale2.0x_model.param; sourceTree = "<group>"; };
		CC30D26C2581B6BF0032B3D9 /* noise2_model.param */ = {isa = PBXFileReference; lastKnownFileType = text; path = noise2_model.param; sourceTree = "<group>"; };
		CC30D26D2581B6BF0032B3D9 /* scale2.0x_model.bin */ = {isa = PBXFileReference; lastKnownFileType = archive.macbinary; path = scale2.0x_model.bin; sourceTree = "<group>"; };
		CC30D26E2581B6BF0032B3D9 /* noise1_model.param */ = {isa = PBXFileReference; lastKnownFileType = text; path = noise1_model.param; sourceTree = "<group>"; };
		CC30D26F2581B6BF0032B3D9 /* noise3_model.bin */ = {isa = PBXFileReference; lastKnownFileType = archive.macbinary; path = noise3_model.bin; sourceTree = "<group>"; };
		CC30D2712581B6BF0032B3D9 /* noise3_scale2.0x_model.param */ = {isa = PBXFileReference; lastKnownFileType = text; path = noise3_scale2.0x_model.param; sourceTree = "<group>"; };
		CC30D2722581B6BF0032B3D9 /* noise1_scale2.0x_model.param */ = {isa = PBXFileReference; lastKnownFileType = text; path = noise1_scale2.0x_model.param; sourceTree = "<group>"; };
		CC30D2732581B6BF0032B3D9 /* scale2.0x_model.param */ = {isa = PBXFileReference; lastKnownFileType = text; path = scale2.0x_model.param; sourceTree = "<group>"; };
		CC30D2742581B6BF0032B3D9 /* noise2_scale2.0x_model.bin */ = {isa = PBXFileReference; lastKnownFileType = archive.macbinary; path = noise2_scale2.0x_model.bin; sourceTree = "<group>"; };
		CC30D2752581B6BF0032B3D9 /* noise3_scale2.0x_model.bin */ = {isa = PBXFileReference; lastKnownFileType = archive.macbinary; path = noise3_scale2.0x_model.bin; sourceTree = "<group>"; };
		CC30D2762581B6BF0032B3D9 /* noise0_scale2.0x_model.bin */ = {isa = PBXFileReference; lastKnownFileType = archive.macbinary; path = noise0_scale2.0x_model.bin; sourceTree = "<group>"; };
		CC30D2772581B6BF0032B3D9 /* noise2_scale2.0x_model.param */ = {isa = PBXFileReference; lastKnownFileType = text; path = noise2_scale2.0x_model.param; sourceTree = "<group>"; };
		CC30D2782581B6BF0032B3D9 /* noise1_scale2.0x_model.bin */ = {isa = PBXFileReference; lastKnownFileType = archive.macbinary; path = noise1_scale2.0x_model.bin; sourceTree = "<group>"; };
		CC30D2792581B6BF0032B3D9 /* noise0_scale2.0x_model.param */ = {isa = PBXFileReference; lastKnownFileType = text; path = noise0_scale2.0x_model.param; sourceTree = "<group>"; };
		CC30D27A2581B6BF0032B3D9 /* scale2.0x_model.bin */ = {isa = PBXFileReference; lastKnownFileType = archive.macbinary; path = scale2.0x_model.bin; sourceTree = "<group>"; };
		CC30D27C2581BBC60032B3D9 /* Photos.framework */ = {isa = PBXFileReference; lastKnownFileType = wrapper.framework; name = Photos.framework; path = System/Library/Frameworks/Photos.framework; sourceTree = SDKROOT; };
		CC30D27D2581BBC60032B3D9 /* PhotosUI.framework */ = {isa = PBXFileReference; lastKnownFileType = wrapper.framework; name = PhotosUI.framework; path = System/Library/Frameworks/PhotosUI.framework; sourceTree = SDKROOT; };
		CC30D2FE258246700032B3D9 /* SVProgressHUD.xcodeproj */ = {isa = PBXFileReference; lastKnownFileType = "wrapper.pb-project"; name = SVProgressHUD.xcodeproj; path = SVProgressHUD/SVProgressHUD.xcodeproj; sourceTree = SOURCE_ROOT; };
		CC44D7DE2598E55A00FD582D /* vkPeakBenchmarkViewController.h */ = {isa = PBXFileReference; lastKnownFileType = sourcecode.c.h; path = vkPeakBenchmarkViewController.h; sourceTree = "<group>"; };
		CC44D7DF2598E55A00FD582D /* vkPeakBenchmarkViewController.mm */ = {isa = PBXFileReference; lastKnownFileType = sourcecode.cpp.objcpp; path = vkPeakBenchmarkViewController.mm; sourceTree = "<group>"; };
		CC44D81A2598F08100FD582D /* generate-ncnn.sh */ = {isa = PBXFileReference; lastKnownFileType = text.script.sh; path = "generate-ncnn.sh"; sourceTree = "<group>"; };
		CC7BC56D258285C7003F33A3 /* x4.bin */ = {isa = PBXFileReference; lastKnownFileType = archive.macbinary; path = x4.bin; sourceTree = "<group>"; };
		CC7BC56E258285C7003F33A3 /* x4.param */ = {isa = PBXFileReference; lastKnownFileType = text; path = x4.param; sourceTree = "<group>"; };
		CC7BC56F258285C7003F33A3 /* x4.param */ = {isa = PBXFileReference; lastKnownFileType = text; name = x4.param; path = "realsr-ncnn-vulkan/models/models-DF2K_JPEG/x4.param"; sourceTree = SOURCE_ROOT; };
		CC7BC570258285C7003F33A3 /* x4.bin */ = {isa = PBXFileReference; lastKnownFileType = archive.macbinary; name = x4.bin; path = "realsr-ncnn-vulkan/models/models-DF2K_JPEG/x4.bin"; sourceTree = SOURCE_ROOT; };
		CC7BC572258285C7003F33A3 /* x4.bin */ = {isa = PBXFileReference; lastKnownFileType = archive.macbinary; path = x4.bin; sourceTree = "<group>"; };
		CC7BC573258285C7003F33A3 /* x4.param */ = {isa = PBXFileReference; lastKnownFileType = text; path = x4.param; sourceTree = "<group>"; };
		CC7BC574258285C7003F33A3 /* x4.bin */ = {isa = PBXFileReference; lastKnownFileType = archive.macbinary; name = x4.bin; path = "realsr-ncnn-vulkan/models/models-DF2K/x4.bin"; sourceTree = SOURCE_ROOT; };
		CC7BC575258285C7003F33A3 /* x4.param */ = {isa = PBXFileReference; lastKnownFileType = text; name = x4.param; path = "realsr-ncnn-vulkan/models/models-DF2K/x4.param"; sourceTree = SOURCE_ROOT; };
		CCC0DE1425819414000F4854 /* waifu2x-ios.app */ = {isa = PBXFileReference; explicitFileType = wrapper.application; includeInIndex = 0; path = "waifu2x-ios.app"; sourceTree = BUILT_PRODUCTS_DIR; };
		CCC0DE1725819414000F4854 /* AppDelegate.h */ = {isa = PBXFileReference; lastKnownFileType = sourcecode.c.h; path = AppDelegate.h; sourceTree = "<group>"; };
		CCC0DE1825819414000F4854 /* AppDelegate.m */ = {isa = PBXFileReference; lastKnownFileType = sourcecode.c.objc; path = AppDelegate.m; sourceTree = "<group>"; };
		CCC0DE1D25819414000F4854 /* ViewController.h */ = {isa = PBXFileReference; lastKnownFileType = sourcecode.c.h; path = ViewController.h; sourceTree = "<group>"; };
		CCC0DE1E25819414000F4854 /* ViewController.mm */ = {isa = PBXFileReference; lastKnownFileType = sourcecode.cpp.objcpp; path = ViewController.mm; sourceTree = "<group>"; };
		CCC0DE2125819414000F4854 /* Base */ = {isa = PBXFileReference; lastKnownFileType = file.storyboard; name = Base; path = Base.lproj/Main.storyboard; sourceTree = "<group>"; };
		CCC0DE2325819415000F4854 /* Assets.xcassets */ = {isa = PBXFileReference; lastKnownFileType = folder.assetcatalog; path = Assets.xcassets; sourceTree = "<group>"; };
		CCC0DE2625819415000F4854 /* Base */ = {isa = PBXFileReference; lastKnownFileType = file.storyboard; name = Base; path = Base.lproj/LaunchScreen.storyboard; sourceTree = "<group>"; };
		CCC0DE2825819415000F4854 /* Info.plist */ = {isa = PBXFileReference; lastKnownFileType = text.plist.xml; path = Info.plist; sourceTree = "<group>"; };
		CCC0DE2925819415000F4854 /* main.m */ = {isa = PBXFileReference; lastKnownFileType = sourcecode.c.objc; path = main.m; sourceTree = "<group>"; };
		CCC0DE332581A27A000F4854 /* ncnn.xcodeproj */ = {isa = PBXFileReference; lastKnownFileType = "wrapper.pb-project"; name = ncnn.xcodeproj; path = "waifu2x-ncnn-vulkan/src/ncnn/build-apple/ncnn.xcodeproj"; sourceTree = SOURCE_ROOT; };
		CCC0DE512581A351000F4854 /* models */ = {isa = PBXFileReference; fileEncoding = 4; lastKnownFileType = text; name = models; path = "waifu2x-ncnn-vulkan/models"; sourceTree = SOURCE_ROOT; };
		CCC0DE542581A52E000F4854 /* filesystem_utils.h */ = {isa = PBXFileReference; fileEncoding = 4; lastKnownFileType = sourcecode.c.h; path = filesystem_utils.h; sourceTree = "<group>"; };
		CCC0DE552581A52E000F4854 /* stb_image.h */ = {isa = PBXFileReference; fileEncoding = 4; lastKnownFileType = sourcecode.c.h; path = stb_image.h; sourceTree = "<group>"; };
		CCC0DE562581A52E000F4854 /* stb_image_write.h */ = {isa = PBXFileReference; fileEncoding = 4; lastKnownFileType = sourcecode.c.h; path = stb_image_write.h; sourceTree = "<group>"; };
		CCC0DE592581A52E000F4854 /* waifu2x.h */ = {isa = PBXFileReference; fileEncoding = 4; lastKnownFileType = sourcecode.c.h; path = waifu2x.h; sourceTree = "<group>"; };
		CCC0DE5A2581A52F000F4854 /* waifu2x.cpp */ = {isa = PBXFileReference; fileEncoding = 4; lastKnownFileType = sourcecode.cpp.cpp; path = waifu2x.cpp; sourceTree = "<group>"; };
		CCF10BFC2581A79E004B242B /* waifu2xios.mm */ = {isa = PBXFileReference; fileEncoding = 4; lastKnownFileType = sourcecode.cpp.objcpp; path = waifu2xios.mm; sourceTree = "<group>"; };
		CCF10C022581A79E004B242B /* waifu2xios.h */ = {isa = PBXFileReference; fileEncoding = 4; lastKnownFileType = sourcecode.c.h; path = waifu2xios.h; sourceTree = "<group>"; };
/* End PBXFileReference section */

/* Begin PBXFrameworksBuildPhase section */
		CCC0DE1125819414000F4854 /* Frameworks */ = {
			isa = PBXFrameworksBuildPhase;
			buildActionMask = 2147483647;
			files = (
				CC30D310258247A50032B3D9 /* SVProgressHUD.framework in Frameworks */,
				CC30D23B2581B17C0032B3D9 /* libglslang.a in Frameworks */,
				CC30D23C2581B17C0032B3D9 /* libncnnd.a in Frameworks */,
				CC30D23D2581B17C0032B3D9 /* libOGLCompiler.a in Frameworks */,
				CC30D23E2581B17C0032B3D9 /* libOSDependent.a in Frameworks */,
				CC30D2432581B1C60032B3D9 /* MoltenVK.xcframework in Frameworks */,
				CC30D23F2581B17C0032B3D9 /* libSPIRV.a in Frameworks */,
			);
			runOnlyForDeploymentPostprocessing = 0;
		};
/* End PBXFrameworksBuildPhase section */

/* Begin PBXGroup section */
		CC30D23A2581B17C0032B3D9 /* Frameworks */ = {
			isa = PBXGroup;
			children = (
				CC30D27C2581BBC60032B3D9 /* Photos.framework */,
				CC30D27D2581BBC60032B3D9 /* PhotosUI.framework */,
				CC30D2422581B1C60032B3D9 /* MoltenVK.xcframework */,
			);
			name = Frameworks;
			sourceTree = "<group>";
		};
		CC30D2502581B6A70032B3D9 /* waifu2x-ncnn-vulkan */ = {
			isa = PBXGroup;
			children = (
				CCC0DE542581A52E000F4854 /* filesystem_utils.h */,
				CCC0DE562581A52E000F4854 /* stb_image_write.h */,
				CCC0DE552581A52E000F4854 /* stb_image.h */,
				CCC0DE5A2581A52F000F4854 /* waifu2x.cpp */,
				CCC0DE592581A52E000F4854 /* waifu2x.h */,
			);
			name = "waifu2x-ncnn-vulkan";
			sourceTree = "<group>";
		};
		CC30D2512581B6BF0032B3D9 /* models */ = {
			isa = PBXGroup;
			children = (
				CC7BC571258285C7003F33A3 /* models-DF2K */,
				CC7BC56C258285C7003F33A3 /* models-DF2K_JPEG */,
				CC30D2522581B6BF0032B3D9 /* models-upconv_7_photo */,
				CC30D25D2581B6BF0032B3D9 /* models-cunet */,
				CC30D2702581B6BF0032B3D9 /* models-upconv_7_anime_style_art_rgb */,
			);
			path = models;
			sourceTree = "<group>";
		};
		CC30D2522581B6BF0032B3D9 /* models-upconv_7_photo */ = {
			isa = PBXGroup;
			children = (
				CC30D2532581B6BF0032B3D9 /* noise3_scale2.0x_model.param */,
				CC30D2542581B6BF0032B3D9 /* noise1_scale2.0x_model.param */,
				CC30D2552581B6BF0032B3D9 /* scale2.0x_model.param */,
				CC30D2562581B6BF0032B3D9 /* noise2_scale2.0x_model.bin */,
				CC30D2572581B6BF0032B3D9 /* noise3_scale2.0x_model.bin */,
				CC30D2582581B6BF0032B3D9 /* noise0_scale2.0x_model.bin */,
				CC30D2592581B6BF0032B3D9 /* noise2_scale2.0x_model.param */,
				CC30D25A2581B6BF0032B3D9 /* noise1_scale2.0x_model.bin */,
				CC30D25B2581B6BF0032B3D9 /* noise0_scale2.0x_model.param */,
				CC30D25C2581B6BF0032B3D9 /* scale2.0x_model.bin */,
			);
			path = "models-upconv_7_photo";
			sourceTree = "<group>";
		};
		CC30D25D2581B6BF0032B3D9 /* models-cunet */ = {
			isa = PBXGroup;
			children = (
				CC30D25E2581B6BF0032B3D9 /* noise3_scale2.0x_model.param */,
				CC30D25F2581B6BF0032B3D9 /* noise3_model.param */,
				CC30D2602581B6BF0032B3D9 /* noise0_model.bin */,
				CC30D2612581B6BF0032B3D9 /* noise1_scale2.0x_model.param */,
				CC30D2622581B6BF0032B3D9 /* noise1_model.bin */,
				CC30D2632581B6BF0032B3D9 /* scale2.0x_model.param */,
				CC30D2642581B6BF0032B3D9 /* noise0_model.param */,
				CC30D2652581B6BF0032B3D9 /* noise2_scale2.0x_model.bin */,
				CC30D2662581B6BF0032B3D9 /* noise3_scale2.0x_model.bin */,
				CC30D2672581B6BF0032B3D9 /* noise0_scale2.0x_model.bin */,
				CC30D2682581B6BF0032B3D9 /* noise2_model.bin */,
				CC30D2692581B6BF0032B3D9 /* noise2_scale2.0x_model.param */,
				CC30D26A2581B6BF0032B3D9 /* noise1_scale2.0x_model.bin */,
				CC30D26B2581B6BF0032B3D9 /* noise0_scale2.0x_model.param */,
				CC30D26C2581B6BF0032B3D9 /* noise2_model.param */,
				CC30D26D2581B6BF0032B3D9 /* scale2.0x_model.bin */,
				CC30D26E2581B6BF0032B3D9 /* noise1_model.param */,
				CC30D26F2581B6BF0032B3D9 /* noise3_model.bin */,
			);
			path = "models-cunet";
			sourceTree = "<group>";
		};
		CC30D2702581B6BF0032B3D9 /* models-upconv_7_anime_style_art_rgb */ = {
			isa = PBXGroup;
			children = (
				CC30D2712581B6BF0032B3D9 /* noise3_scale2.0x_model.param */,
				CC30D2722581B6BF0032B3D9 /* noise1_scale2.0x_model.param */,
				CC30D2732581B6BF0032B3D9 /* scale2.0x_model.param */,
				CC30D2742581B6BF0032B3D9 /* noise2_scale2.0x_model.bin */,
				CC30D2752581B6BF0032B3D9 /* noise3_scale2.0x_model.bin */,
				CC30D2762581B6BF0032B3D9 /* noise0_scale2.0x_model.bin */,
				CC30D2772581B6BF0032B3D9 /* noise2_scale2.0x_model.param */,
				CC30D2782581B6BF0032B3D9 /* noise1_scale2.0x_model.bin */,
				CC30D2792581B6BF0032B3D9 /* noise0_scale2.0x_model.param */,
				CC30D27A2581B6BF0032B3D9 /* scale2.0x_model.bin */,
			);
			path = "models-upconv_7_anime_style_art_rgb";
			sourceTree = "<group>";
		};
		CC30D2FF258246700032B3D9 /* Products */ = {
			isa = PBXGroup;
			children = (
				CC30D304258246700032B3D9 /* SVProgressHUD.framework */,
				CC30D306258246700032B3D9 /* libSVProgressHUD.a */,
			);
			name = Products;
			sourceTree = "<group>";
		};
		CC7BC56C258285C7003F33A3 /* models-DF2K_JPEG */ = {
			isa = PBXGroup;
			children = (
				CC7BC56D258285C7003F33A3 /* x4.bin */,
				CC7BC570258285C7003F33A3 /* x4.bin */,
				CC7BC56F258285C7003F33A3 /* x4.param */,
				CC7BC56E258285C7003F33A3 /* x4.param */,
			);
			path = "models-DF2K_JPEG";
			sourceTree = "<group>";
		};
		CC7BC571258285C7003F33A3 /* models-DF2K */ = {
			isa = PBXGroup;
			children = (
				CC7BC572258285C7003F33A3 /* x4.bin */,
				CC7BC575258285C7003F33A3 /* x4.param */,
				CC7BC574258285C7003F33A3 /* x4.bin */,
				CC7BC573258285C7003F33A3 /* x4.param */,
			);
			path = "models-DF2K";
			sourceTree = "<group>";
		};
		CCC0DE0B25819414000F4854 = {
			isa = PBXGroup;
			children = (
				CC44D81A2598F08100FD582D /* generate-ncnn.sh */,
				CCC0DE1625819414000F4854 /* waifu2x-ios */,
				CCC0DE1525819414000F4854 /* Products */,
				CC30D23A2581B17C0032B3D9 /* Frameworks */,
			);
			sourceTree = "<group>";
		};
		CCC0DE1525819414000F4854 /* Products */ = {
			isa = PBXGroup;
			children = (
				CCC0DE1425819414000F4854 /* waifu2x-ios.app */,
			);
			name = Products;
			sourceTree = "<group>";
		};
		CCC0DE1625819414000F4854 /* waifu2x-ios */ = {
			isa = PBXGroup;
			children = (
				CCC0DE1725819414000F4854 /* AppDelegate.h */,
				CCC0DE1825819414000F4854 /* AppDelegate.m */,
				CCC0DE1D25819414000F4854 /* ViewController.h */,
				CCC0DE1E25819414000F4854 /* ViewController.mm */,
				CC44D7DE2598E55A00FD582D /* vkPeakBenchmarkViewController.h */,
				CC44D7DF2598E55A00FD582D /* vkPeakBenchmarkViewController.mm */,
				CCC0DE2025819414000F4854 /* Main.storyboard */,
				CC30D2052581ACB00032B3D9 /* GPUInfo.h */,
				CC30D2162581ACB00032B3D9 /* GPUInfo.mm */,
				CCF10C022581A79E004B242B /* waifu2xios.h */,
				CCF10BFC2581A79E004B242B /* waifu2xios.mm */,
				CCC0DE2325819415000F4854 /* Assets.xcassets */,
				CC30D2512581B6BF0032B3D9 /* models */,
				CCC0DE512581A351000F4854 /* models */,
				CC30D2412581B1B60032B3D9 /* VulkanSDK */,
				CC30D2502581B6A70032B3D9 /* waifu2x-ncnn-vulkan */,
				CCC0DE332581A27A000F4854 /* ncnn.xcodeproj */,
				CC30D2FE258246700032B3D9 /* SVProgressHUD.xcodeproj */,
				CCC0DE2925819415000F4854 /* main.m */,
				CCC0DE2525819415000F4854 /* LaunchScreen.storyboard */,
				CCC0DE2825819415000F4854 /* Info.plist */,
			);
			path = "waifu2x-ios";
			sourceTree = "<group>";
		};
		CCC0DE342581A27A000F4854 /* Products */ = {
			isa = PBXGroup;
			children = (
				CC30D20F2581ACB00032B3D9 /* libOGLCompiler.a */,
				CC30D2112581ACB00032B3D9 /* libOSDependent.a */,
				CC30D2132581ACB00032B3D9 /* libSPIRV.a */,
				CC30D2152581ACB00032B3D9 /* libglslang.a */,
				CCC0DE3F2581A27A000F4854 /* libncnnd.a */,
			);
			name = Products;
			sourceTree = "<group>";
		};
/* End PBXGroup section */

/* Begin PBXLegacyTarget section */
		CC44D80D2598F02800FD582D /* generate-ncnn */ = {
			isa = PBXLegacyTarget;
			buildArgumentsString = "${SRCROOT}/generate-ncnn.sh";
			buildConfigurationList = CC44D80E2598F02800FD582D /* Build configuration list for PBXLegacyTarget "generate-ncnn" */;
			buildPhases = (
			);
			buildToolPath = /bin/sh;
			buildWorkingDirectory = "${SRCROOT}";
			dependencies = (
			);
			name = "generate-ncnn";
			passBuildSettingsInEnvironment = 1;
			productName = "generate-ncnn";
		};
/* End PBXLegacyTarget section */

/* Begin PBXNativeTarget section */
		CCC0DE1325819414000F4854 /* waifu2x-ios */ = {
			isa = PBXNativeTarget;
			buildConfigurationList = CCC0DE2D25819415000F4854 /* Build configuration list for PBXNativeTarget "waifu2x-ios" */;
			buildPhases = (
				CCC0DE1025819414000F4854 /* Sources */,
				CCC0DE1125819414000F4854 /* Frameworks */,
				CCC0DE1225819414000F4854 /* Resources */,
				CC30D28E2581C4760032B3D9 /* CopyFiles */,
				CC30D2DE2581D2E90032B3D9 /* CopyFiles */,
				CC30D2EA2581D3120032B3D9 /* CopyFiles */,
				CC7BC57625828752003F33A3 /* CopyFiles */,
				CC7BC57B2582877C003F33A3 /* CopyFiles */,
				CC30D313258247B60032B3D9 /* CopyFiles */,
			);
			buildRules = (
			);
			dependencies = (
				CC44D81D2598F0AA00FD582D /* PBXTargetDependency */,
				CC30D312258247AD0032B3D9 /* PBXTargetDependency */,
				CC30D2342581AF030032B3D9 /* PBXTargetDependency */,
			);
			name = "waifu2x-ios";
			productName = "waifu2x-ios";
			productReference = CCC0DE1425819414000F4854 /* waifu2x-ios.app */;
			productType = "com.apple.product-type.application";
		};
/* End PBXNativeTarget section */

/* Begin PBXProject section */
		CCC0DE0C25819414000F4854 /* Project object */ = {
			isa = PBXProject;
			attributes = {
				LastUpgradeCheck = 1220;
				TargetAttributes = {
					CC44D80D2598F02800FD582D = {
						CreatedOnToolsVersion = 12.2;
					};
					CCC0DE1325819414000F4854 = {
						CreatedOnToolsVersion = 12.2;
					};
				};
			};
			buildConfigurationList = CCC0DE0F25819414000F4854 /* Build configuration list for PBXProject "waifu2x-ios" */;
			compatibilityVersion = "Xcode 9.3";
			developmentRegion = en;
			hasScannedForEncodings = 0;
			knownRegions = (
				en,
				Base,
			);
			mainGroup = CCC0DE0B25819414000F4854;
			productRefGroup = CCC0DE1525819414000F4854 /* Products */;
			projectDirPath = "";
			projectReferences = (
				{
					ProductGroup = CCC0DE342581A27A000F4854 /* Products */;
					ProjectRef = CCC0DE332581A27A000F4854 /* ncnn.xcodeproj */;
				},
				{
					ProductGroup = CC30D2FF258246700032B3D9 /* Products */;
					ProjectRef = CC30D2FE258246700032B3D9 /* SVProgressHUD.xcodeproj */;
				},
			);
			projectRoot = "";
			targets = (
				CCC0DE1325819414000F4854 /* waifu2x-ios */,
				CC44D80D2598F02800FD582D /* generate-ncnn */,
			);
		};
/* End PBXProject section */

/* Begin PBXReferenceProxy section */
		CC30D20F2581ACB00032B3D9 /* libOGLCompiler.a */ = {
			isa = PBXReferenceProxy;
			fileType = archive.ar;
			path = libOGLCompiler.a;
			remoteRef = CC30D20E2581ACB00032B3D9 /* PBXContainerItemProxy */;
			sourceTree = BUILT_PRODUCTS_DIR;
		};
		CC30D2112581ACB00032B3D9 /* libOSDependent.a */ = {
			isa = PBXReferenceProxy;
			fileType = archive.ar;
			path = libOSDependent.a;
			remoteRef = CC30D2102581ACB00032B3D9 /* PBXContainerItemProxy */;
			sourceTree = BUILT_PRODUCTS_DIR;
		};
		CC30D2132581ACB00032B3D9 /* libSPIRV.a */ = {
			isa = PBXReferenceProxy;
			fileType = archive.ar;
			path = libSPIRV.a;
			remoteRef = CC30D2122581ACB00032B3D9 /* PBXContainerItemProxy */;
			sourceTree = BUILT_PRODUCTS_DIR;
		};
		CC30D2152581ACB00032B3D9 /* libglslang.a */ = {
			isa = PBXReferenceProxy;
			fileType = archive.ar;
			path = libglslang.a;
			remoteRef = CC30D2142581ACB00032B3D9 /* PBXContainerItemProxy */;
			sourceTree = BUILT_PRODUCTS_DIR;
		};
		CC30D304258246700032B3D9 /* SVProgressHUD.framework */ = {
			isa = PBXReferenceProxy;
			fileType = wrapper.framework;
			path = SVProgressHUD.framework;
			remoteRef = CC30D303258246700032B3D9 /* PBXContainerItemProxy */;
			sourceTree = BUILT_PRODUCTS_DIR;
		};
		CC30D306258246700032B3D9 /* libSVProgressHUD.a */ = {
			isa = PBXReferenceProxy;
			fileType = archive.ar;
			path = libSVProgressHUD.a;
			remoteRef = CC30D305258246700032B3D9 /* PBXContainerItemProxy */;
			sourceTree = BUILT_PRODUCTS_DIR;
		};
		CCC0DE3F2581A27A000F4854 /* libncnnd.a */ = {
			isa = PBXReferenceProxy;
			fileType = archive.ar;
			path = libncnnd.a;
			remoteRef = CCC0DE3E2581A27A000F4854 /* PBXContainerItemProxy */;
			sourceTree = BUILT_PRODUCTS_DIR;
		};
/* End PBXReferenceProxy section */

/* Begin PBXResourcesBuildPhase section */
		CCC0DE1225819414000F4854 /* Resources */ = {
			isa = PBXResourcesBuildPhase;
			buildActionMask = 2147483647;
			files = (
				CCC0DE2725819415000F4854 /* LaunchScreen.storyboard in Resources */,
				CCC0DE2425819415000F4854 /* Assets.xcassets in Resources */,
				CCC0DE522581A351000F4854 /* models in Resources */,
				CCC0DE2225819414000F4854 /* Main.storyboard in Resources */,
				CC44D81B2598F08100FD582D /* generate-ncnn.sh in Resources */,
			);
			runOnlyForDeploymentPostprocessing = 0;
		};
/* End PBXResourcesBuildPhase section */

/* Begin PBXSourcesBuildPhase section */
		CCC0DE1025819414000F4854 /* Sources */ = {
			isa = PBXSourcesBuildPhase;
			buildActionMask = 2147483647;
			files = (
				CCF10C032581A79E004B242B /* waifu2xios.mm in Sources */,
				CCC0DE1F25819414000F4854 /* ViewController.mm in Sources */,
				CC30D2172581ACB00032B3D9 /* GPUInfo.mm in Sources */,
				CCC0DE1925819414000F4854 /* AppDelegate.m in Sources */,
				CCC0DE2A25819415000F4854 /* main.m in Sources */,
				CCC0DE5B2581A52F000F4854 /* waifu2x.cpp in Sources */,
				CC44D7E02598E55A00FD582D /* vkPeakBenchmarkViewController.mm in Sources */,
			);
			runOnlyForDeploymentPostprocessing = 0;
		};
/* End PBXSourcesBuildPhase section */

/* Begin PBXTargetDependency section */
		CC30D2342581AF030032B3D9 /* PBXTargetDependency */ = {
			isa = PBXTargetDependency;
			name = ALL_BUILD;
			targetProxy = CC30D2332581AF030032B3D9 /* PBXContainerItemProxy */;
		};
		CC30D312258247AD0032B3D9 /* PBXTargetDependency */ = {
			isa = PBXTargetDependency;
			name = "SVProgressHUD-Framework";
			targetProxy = CC30D311258247AD0032B3D9 /* PBXContainerItemProxy */;
		};
		CC44D81D2598F0AA00FD582D /* PBXTargetDependency */ = {
			isa = PBXTargetDependency;
			target = CC44D80D2598F02800FD582D /* generate-ncnn */;
			targetProxy = CC44D81C2598F0AA00FD582D /* PBXContainerItemProxy */;
		};
/* End PBXTargetDependency section */

/* Begin PBXVariantGroup section */
		CCC0DE2025819414000F4854 /* Main.storyboard */ = {
			isa = PBXVariantGroup;
			children = (
				CCC0DE2125819414000F4854 /* Base */,
			);
			name = Main.storyboard;
			sourceTree = "<group>";
		};
		CCC0DE2525819415000F4854 /* LaunchScreen.storyboard */ = {
			isa = PBXVariantGroup;
			children = (
				CCC0DE2625819415000F4854 /* Base */,
			);
			name = LaunchScreen.storyboard;
			sourceTree = "<group>";
		};
/* End PBXVariantGroup section */

/* Begin XCBuildConfiguration section */
		CC44D80F2598F02800FD582D /* Debug */ = {
			isa = XCBuildConfiguration;
			buildSettings = {
				CODE_SIGN_STYLE = Automatic;
				DEBUGGING_SYMBOLS = YES;
				DEBUG_INFORMATION_FORMAT = dwarf;
				DEVELOPMENT_TEAM = 0000000000;
				GCC_GENERATE_DEBUGGING_SYMBOLS = YES;
				GCC_OPTIMIZATION_LEVEL = 0;
				OTHER_CFLAGS = "";
				OTHER_LDFLAGS = "";
				PRODUCT_NAME = "$(TARGET_NAME)";
			};
			name = Debug;
		};
		CC44D8102598F02800FD582D /* Release */ = {
			isa = XCBuildConfiguration;
			buildSettings = {
				CODE_SIGN_STYLE = Automatic;
				DEBUG_INFORMATION_FORMAT = "dwarf-with-dsym";
				DEVELOPMENT_TEAM = 0000000000;
				OTHER_CFLAGS = "";
				OTHER_LDFLAGS = "";
				PRODUCT_NAME = "$(TARGET_NAME)";
			};
			name = Release;
		};
		CCC0DE2B25819415000F4854 /* Debug */ = {
			isa = XCBuildConfiguration;
			buildSettings = {
				ALWAYS_SEARCH_USER_PATHS = NO;
				CLANG_ANALYZER_NONNULL = YES;
				CLANG_ANALYZER_NUMBER_OBJECT_CONVERSION = YES_AGGRESSIVE;
				CLANG_CXX_LANGUAGE_STANDARD = "gnu++14";
				CLANG_CXX_LIBRARY = "libc++";
				CLANG_ENABLE_MODULES = YES;
				CLANG_ENABLE_OBJC_ARC = YES;
				CLANG_ENABLE_OBJC_WEAK = YES;
				CLANG_WARN_BLOCK_CAPTURE_AUTORELEASING = YES;
				CLANG_WARN_BOOL_CONVERSION = YES;
				CLANG_WARN_COMMA = YES;
				CLANG_WARN_CONSTANT_CONVERSION = YES;
				CLANG_WARN_DEPRECATED_OBJC_IMPLEMENTATIONS = YES;
				CLANG_WARN_DIRECT_OBJC_ISA_USAGE = YES_ERROR;
				CLANG_WARN_DOCUMENTATION_COMMENTS = YES;
				CLANG_WARN_EMPTY_BODY = YES;
				CLANG_WARN_ENUM_CONVERSION = YES;
				CLANG_WARN_INFINITE_RECURSION = YES;
				CLANG_WARN_INT_CONVERSION = YES;
				CLANG_WARN_NON_LITERAL_NULL_CONVERSION = YES;
				CLANG_WARN_OBJC_IMPLICIT_RETAIN_SELF = YES;
				CLANG_WARN_OBJC_LITERAL_CONVERSION = YES;
				CLANG_WARN_OBJC_ROOT_CLASS = YES_ERROR;
				CLANG_WARN_QUOTED_INCLUDE_IN_FRAMEWORK_HEADER = YES;
				CLANG_WARN_RANGE_LOOP_ANALYSIS = YES;
				CLANG_WARN_STRICT_PROTOTYPES = YES;
				CLANG_WARN_SUSPICIOUS_MOVE = YES;
				CLANG_WARN_UNGUARDED_AVAILABILITY = YES_AGGRESSIVE;
				CLANG_WARN_UNREACHABLE_CODE = YES;
				CLANG_WARN__DUPLICATE_METHOD_MATCH = YES;
				COPY_PHASE_STRIP = NO;
				DEBUG_INFORMATION_FORMAT = dwarf;
				ENABLE_STRICT_OBJC_MSGSEND = YES;
				ENABLE_TESTABILITY = YES;
				GCC_C_LANGUAGE_STANDARD = gnu11;
				GCC_DYNAMIC_NO_PIC = NO;
				GCC_NO_COMMON_BLOCKS = YES;
				GCC_OPTIMIZATION_LEVEL = 0;
				GCC_PREPROCESSOR_DEFINITIONS = (
					"DEBUG=1",
					"$(inherited)",
				);
				GCC_WARN_64_TO_32_BIT_CONVERSION = YES;
				GCC_WARN_ABOUT_RETURN_TYPE = YES_ERROR;
				GCC_WARN_UNDECLARED_SELECTOR = YES;
				GCC_WARN_UNINITIALIZED_AUTOS = YES_AGGRESSIVE;
				GCC_WARN_UNUSED_FUNCTION = YES;
				GCC_WARN_UNUSED_VARIABLE = YES;
				IPHONEOS_DEPLOYMENT_TARGET = 14.2;
				MTL_ENABLE_DEBUG_INFO = INCLUDE_SOURCE;
				MTL_FAST_MATH = YES;
				ONLY_ACTIVE_ARCH = YES;
				SDKROOT = iphoneos;
			};
			name = Debug;
		};
		CCC0DE2C25819415000F4854 /* Release */ = {
			isa = XCBuildConfiguration;
			buildSettings = {
				ALWAYS_SEARCH_USER_PATHS = NO;
				CLANG_ANALYZER_NONNULL = YES;
				CLANG_ANALYZER_NUMBER_OBJECT_CONVERSION = YES_AGGRESSIVE;
				CLANG_CXX_LANGUAGE_STANDARD = "gnu++14";
				CLANG_CXX_LIBRARY = "libc++";
				CLANG_ENABLE_MODULES = YES;
				CLANG_ENABLE_OBJC_ARC = YES;
				CLANG_ENABLE_OBJC_WEAK = YES;
				CLANG_WARN_BLOCK_CAPTURE_AUTORELEASING = YES;
				CLANG_WARN_BOOL_CONVERSION = YES;
				CLANG_WARN_COMMA = YES;
				CLANG_WARN_CONSTANT_CONVERSION = YES;
				CLANG_WARN_DEPRECATED_OBJC_IMPLEMENTATIONS = YES;
				CLANG_WARN_DIRECT_OBJC_ISA_USAGE = YES_ERROR;
				CLANG_WARN_DOCUMENTATION_COMMENTS = YES;
				CLANG_WARN_EMPTY_BODY = YES;
				CLANG_WARN_ENUM_CONVERSION = YES;
				CLANG_WARN_INFINITE_RECURSION = YES;
				CLANG_WARN_INT_CONVERSION = YES;
				CLANG_WARN_NON_LITERAL_NULL_CONVERSION = YES;
				CLANG_WARN_OBJC_IMPLICIT_RETAIN_SELF = YES;
				CLANG_WARN_OBJC_LITERAL_CONVERSION = YES;
				CLANG_WARN_OBJC_ROOT_CLASS = YES_ERROR;
				CLANG_WARN_QUOTED_INCLUDE_IN_FRAMEWORK_HEADER = YES;
				CLANG_WARN_RANGE_LOOP_ANALYSIS = YES;
				CLANG_WARN_STRICT_PROTOTYPES = YES;
				CLANG_WARN_SUSPICIOUS_MOVE = YES;
				CLANG_WARN_UNGUARDED_AVAILABILITY = YES_AGGRESSIVE;
				CLANG_WARN_UNREACHABLE_CODE = YES;
				CLANG_WARN__DUPLICATE_METHOD_MATCH = YES;
				COPY_PHASE_STRIP = NO;
				DEBUG_INFORMATION_FORMAT = "dwarf-with-dsym";
				ENABLE_NS_ASSERTIONS = NO;
				ENABLE_STRICT_OBJC_MSGSEND = YES;
				GCC_C_LANGUAGE_STANDARD = gnu11;
				GCC_NO_COMMON_BLOCKS = YES;
				GCC_WARN_64_TO_32_BIT_CONVERSION = YES;
				GCC_WARN_ABOUT_RETURN_TYPE = YES_ERROR;
				GCC_WARN_UNDECLARED_SELECTOR = YES;
				GCC_WARN_UNINITIALIZED_AUTOS = YES_AGGRESSIVE;
				GCC_WARN_UNUSED_FUNCTION = YES;
				GCC_WARN_UNUSED_VARIABLE = YES;
				IPHONEOS_DEPLOYMENT_TARGET = 14.2;
				MTL_ENABLE_DEBUG_INFO = NO;
				MTL_FAST_MATH = YES;
				SDKROOT = iphoneos;
				VALIDATE_PRODUCT = YES;
			};
			name = Release;
		};
		CCC0DE2E25819415000F4854 /* Debug */ = {
			isa = XCBuildConfiguration;
			buildSettings = {
				ALWAYS_SEARCH_USER_PATHS = YES;
				ASSETCATALOG_COMPILER_APPICON_NAME = AppIcon;
				ASSETCATALOG_COMPILER_GLOBAL_ACCENT_COLOR_NAME = AccentColor;
				CODE_SIGN_STYLE = Automatic;
				DEVELOPMENT_TEAM = 0000000000;
				HEADER_SEARCH_PATHS = (
					"${SRCROOT}/waifu2x-ncnn-vulkan/src/ncnn/build-apple/src",
					"${SRCROOT}/waifu2x-ncnn-vulkan/src/ncnn/src/",
					"${SRCROOT}/VulkanSDK/macOS/include",
				);
				INFOPLIST_FILE = "waifu2x-ios/Info.plist";
				IPHONEOS_DEPLOYMENT_TARGET = 10.0;
				LD_RUNPATH_SEARCH_PATHS = (
					"$(inherited)",
					"@executable_path/Frameworks",
				);
				PRODUCT_BUNDLE_IDENTIFIER = "org.redacted.waifu2x-ios";
				PRODUCT_NAME = "$(TARGET_NAME)";
				TARGETED_DEVICE_FAMILY = "1,2";
			};
			name = Debug;
		};
		CCC0DE2F25819415000F4854 /* Release */ = {
			isa = XCBuildConfiguration;
			buildSettings = {
				ALWAYS_SEARCH_USER_PATHS = YES;
				ASSETCATALOG_COMPILER_APPICON_NAME = AppIcon;
				ASSETCATALOG_COMPILER_GLOBAL_ACCENT_COLOR_NAME = AccentColor;
				CODE_SIGN_STYLE = Automatic;
				DEVELOPMENT_TEAM = 0000000000;
				HEADER_SEARCH_PATHS = (
					"${SRCROOT}/waifu2x-ncnn-vulkan/src/ncnn/build-apple/src",
					"${SRCROOT}/waifu2x-ncnn-vulkan/src/ncnn/src/",
					"${SRCROOT}/VulkanSDK/macOS/include",
				);
				INFOPLIST_FILE = "waifu2x-ios/Info.plist";
				IPHONEOS_DEPLOYMENT_TARGET = 10.0;
				LD_RUNPATH_SEARCH_PATHS = (
					"$(inherited)",
					"@executable_path/Frameworks",
				);
				PRODUCT_BUNDLE_IDENTIFIER = "org.redacted.waifu2x-ios";
				PRODUCT_NAME = "$(TARGET_NAME)";
				TARGETED_DEVICE_FAMILY = "1,2";
			};
			name = Release;
		};
/* End XCBuildConfiguration section */

/* Begin XCConfigurationList section */
		CC44D80E2598F02800FD582D /* Build configuration list for PBXLegacyTarget "generate-ncnn" */ = {
			isa = XCConfigurationList;
			buildConfigurations = (
				CC44D80F2598F02800FD582D /* Debug */,
				CC44D8102598F02800FD582D /* Release */,
			);
			defaultConfigurationIsVisible = 0;
			defaultConfigurationName = Release;
		};
		CCC0DE0F25819414000F4854 /* Build configuration list for PBXProject "waifu2x-ios" */ = {
			isa = XCConfigurationList;
			buildConfigurations = (
				CCC0DE2B25819415000F4854 /* Debug */,
				CCC0DE2C25819415000F4854 /* Release */,
			);
			defaultConfigurationIsVisible = 0;
			defaultConfigurationName = Release;
		};
		CCC0DE2D25819415000F4854 /* Build configuration list for PBXNativeTarget "waifu2x-ios" */ = {
			isa = XCConfigurationList;
			buildConfigurations = (
				CCC0DE2E25819415000F4854 /* Debug */,
				CCC0DE2F25819415000F4854 /* Release */,
			);
			defaultConfigurationIsVisible = 0;
			defaultConfigurationName = Release;
		};
/* End XCConfigurationList section */
	};
	rootObject = CCC0DE0C25819414000F4854 /* Project object */;
}
